Microsoft Visual Studio Solution File, Format Version 12.00
# Visual Studio 2012
Project("{FAE04EC0-301F-11D3-BF4B-00C04F79EFBC}") = "GitLukoraptor", "GitLukoraptor.csproj", "{B95C9005-D50D-44B5-9167-5B6BD8FE8FA4}"
EndProject
Global
	GlobalSection(SolutionConfigurationPlatforms) = preSolution
	Debug|Any CPU = Debug|Any CPU
	ExportDebug|Any CPU = ExportDebug|Any CPU
	ExportRelease|Any CPU = ExportRelease|Any CPU
	EndGlobalSection
	GlobalSection(ProjectConfigurationPlatforms) = postSolution
		{B95C9005-D50D-44B5-9167-5B6BD8FE8FA4}.Debug|Any CPU.ActiveCfg = Debug|Any CPU
		{B95C9005-D50D-44B5-9167-5B6BD8FE8FA4}.Debug|Any CPU.Build.0 = Debug|Any CPU
		{B95C9005-D50D-44B5-9167-5B6BD8FE8FA4}.ExportDebug|Any CPU.ActiveCfg = ExportDebug|Any CPU
		{B95C9005-D50D-44B5-9167-5B6BD8FE8FA4}.ExportDebug|Any CPU.Build.0 = ExportDebug|Any CPU
		{B95C9005-D50D-44B5-9167-5B6BD8FE8FA4}.ExportRelease|Any CPU.ActiveCfg = ExportRelease|Any CPU
		{B95C9005-D50D-44B5-9167-5B6BD8FE8FA4}.ExportRelease|Any CPU.Build.0 = ExportRelease|Any CPU
	EndGlobalSection
EndGlobal
